
Microsoft Visual Studio Solution File, Format Version 12.00
# Visual Studio 14
VisualStudioVersion = 14.0.25123.0
MinimumVisualStudioVersion = 10.0.40219.1
Project("{FAE04EC0-301F-11D3-BF4B-00C04F79EFBC}") = "02.LadyBugs", "ConsoleApplication1\02.LadyBugs.csproj", "{7C557CA0-7875-43EC-8797-182E0CBA809A}"
EndProject
Project("{FAE04EC0-301F-11D3-BF4B-00C04F79EFBC}") = "04.RoliTheCoder", "04.RoliTheCoder\04.RoliTheCoder.csproj", "{72BBA23D-551B-4513-9875-4D9C98F2D35A}"
EndProject
Project("{FAE04EC0-301F-11D3-BF4B-00C04F79EFBC}") = "01.SweetDessert", "01.SweetDessert\01.SweetDessert.csproj", "{4AFAB00B-DEEC-4E08-A98D-1B17185F1B01}"
EndProject
Project("{2150E333-8FDC-42A3-9474-1A3956D46DE8}") = "SampleExam2", "SampleExam2", "{BEA89943-5089-459A-B57B-5282228927C5}"
EndProject
Project("{FAE04EC0-301F-11D3-BF4B-00C04F79EFBC}") = "02.ArrayManipulator", "02.ArrayManipulator\02.ArrayManipulator.csproj", "{33D8A638-1882-4A34-B15B-ADB8DC425ED2}"
EndProject
Project("{FAE04EC0-301F-11D3-BF4B-00C04F79EFBC}") = "03.FootballLeague", "03.FootballLeague\03.FootballLeague.csproj", "{33B3292B-3C94-4ECC-ADA4-A976C0E218DF}"
EndProject
Project("{FAE04EC0-301F-11D3-BF4B-00C04F79EFBC}") = "04.CubicMessages", "04.CubicMessages\04.CubicMessages.csproj", "{03CD04CD-0530-490B-954D-97350772FE18}"
EndProject
Project("{2150E333-8FDC-42A3-9474-1A3956D46DE8}") = "SampleExam1", "SampleExam1", "{229B55BB-9210-45F2-972C-810080EDFF8F}"
EndProject
Project("{FAE04EC0-301F-11D3-BF4B-00C04F79EFBC}") = "01.SoftuniCoffeeOrders", "01.SoftuniCoffeeOrders\01.SoftuniCoffeeOrders.csproj", "{AFEED385-C86E-4698-BBAD-A5C61B494D10}"
EndProject
Project("{FAE04EC0-301F-11D3-BF4B-00C04F79EFBC}") = "02.CommandInterpreter", "02.CommandInterpreter\02.CommandInterpreter.csproj", "{1EE47AC6-B7B0-4B45-977B-620291872CA4}"
EndProject
Project("{FAE04EC0-301F-11D3-BF4B-00C04F79EFBC}") = "03.RageQuit", "03.RageQuit\03.RageQuit.csproj", "{58052248-94F2-4C40-A095-E71372142E8A}"
EndProject
Project("{FAE04EC0-301F-11D3-BF4B-00C04F79EFBC}") = "04.Files", "04.Files\04.Files.csproj", "{201A65A2-AF4D-4DAA-A10D-6731FD50AA5B}"
EndProject
Project("{2150E333-8FDC-42A3-9474-1A3956D46DE8}") = "RetakeExam", "RetakeExam", "{4B9832DF-63CE-449D-A123-680549A492D6}"
EndProject
Project("{FAE04EC0-301F-11D3-BF4B-00C04F79EFBC}") = "01.TheaThePhotographer", "01.TheaThePhotographer\01.TheaThePhotographer.csproj", "{C1B62E5D-C6BA-400F-AF16-FDF77EE41316}"
EndProject
Global
	GlobalSection(SolutionConfigurationPlatforms) = preSolution
		Debug|Any CPU = Debug|Any CPU
		Release|Any CPU = Release|Any CPU
	EndGlobalSection
	GlobalSection(ProjectConfigurationPlatforms) = postSolution
		{7C557CA0-7875-43EC-8797-182E0CBA809A}.Debug|Any CPU.ActiveCfg = Debug|Any CPU
		{7C557CA0-7875-43EC-8797-182E0CBA809A}.Debug|Any CPU.Build.0 = Debug|Any CPU
		{7C557CA0-7875-43EC-8797-182E0CBA809A}.Release|Any CPU.ActiveCfg = Release|Any CPU
		{7C557CA0-7875-43EC-8797-182E0CBA809A}.Release|Any CPU.Build.0 = Release|Any CPU
		{72BBA23D-551B-4513-9875-4D9C98F2D35A}.Debug|Any CPU.ActiveCfg = Debug|Any CPU
		{72BBA23D-551B-4513-9875-4D9C98F2D35A}.Debug|Any CPU.Build.0 = Debug|Any CPU
		{72BBA23D-551B-4513-9875-4D9C98F2D35A}.Release|Any CPU.ActiveCfg = Release|Any CPU
		{72BBA23D-551B-4513-9875-4D9C98F2D35A}.Release|Any CPU.Build.0 = Release|Any CPU
		{4AFAB00B-DEEC-4E08-A98D-1B17185F1B01}.Debug|Any CPU.ActiveCfg = Debug|Any CPU
		{4AFAB00B-DEEC-4E08-A98D-1B17185F1B01}.Debug|Any CPU.Build.0 = Debug|Any CPU
		{4AFAB00B-DEEC-4E08-A98D-1B17185F1B01}.Release|Any CPU.ActiveCfg = Release|Any CPU
		{4AFAB00B-DEEC-4E08-A98D-1B17185F1B01}.Release|Any CPU.Build.0 = Release|Any CPU
		{33D8A638-1882-4A34-B15B-ADB8DC425ED2}.Debug|Any CPU.ActiveCfg = Debug|Any CPU
		{33D8A638-1882-4A34-B15B-ADB8DC425ED2}.Debug|Any CPU.Build.0 = Debug|Any CPU
		{33D8A638-1882-4A34-B15B-ADB8DC425ED2}.Release|Any CPU.ActiveCfg = Release|Any CPU
		{33D8A638-1882-4A34-B15B-ADB8DC425ED2}.Release|Any CPU.Build.0 = Release|Any CPU
		{33B3292B-3C94-4ECC-ADA4-A976C0E218DF}.Debug|Any CPU.ActiveCfg = Debug|Any CPU
		{33B3292B-3C94-4ECC-ADA4-A976C0E218DF}.Debug|Any CPU.Build.0 = Debug|Any CPU
		{33B3292B-3C94-4ECC-ADA4-A976C0E218DF}.Release|Any CPU.ActiveCfg = Release|Any CPU
		{33B3292B-3C94-4ECC-ADA4-A976C0E218DF}.Release|Any CPU.Build.0 = Release|Any CPU
		{03CD04CD-0530-490B-954D-97350772FE18}.Debug|Any CPU.ActiveCfg = Debug|Any CPU
		{03CD04CD-0530-490B-954D-97350772FE18}.Debug|Any CPU.Build.0 = Debug|Any CPU
		{03CD04CD-0530-490B-954D-97350772FE18}.Release|Any CPU.ActiveCfg = Release|Any CPU
		{03CD04CD-0530-490B-954D-97350772FE18}.Release|Any CPU.Build.0 = Release|Any CPU
		{AFEED385-C86E-4698-BBAD-A5C61B494D10}.Debug|Any CPU.ActiveCfg = Debug|Any CPU
		{AFEED385-C86E-4698-BBAD-A5C61B494D10}.Debug|Any CPU.Build.0 = Debug|Any CPU
		{AFEED385-C86E-4698-BBAD-A5C61B494D10}.Release|Any CPU.ActiveCfg = Release|Any CPU
		{AFEED385-C86E-4698-BBAD-A5C61B494D10}.Release|Any CPU.Build.0 = Release|Any CPU
		{1EE47AC6-B7B0-4B45-977B-620291872CA4}.Debug|Any CPU.ActiveCfg = Debug|Any CPU
		{1EE47AC6-B7B0-4B45-977B-620291872CA4}.Debug|Any CPU.Build.0 = Debug|Any CPU
		{1EE47AC6-B7B0-4B45-977B-620291872CA4}.Release|Any CPU.ActiveCfg = Release|Any CPU
		{1EE47AC6-B7B0-4B45-977B-620291872CA4}.Release|Any CPU.Build.0 = Release|Any CPU
		{58052248-94F2-4C40-A095-E71372142E8A}.Debug|Any CPU.ActiveCfg = Debug|Any CPU
		{58052248-94F2-4C40-A095-E71372142E8A}.Debug|Any CPU.Build.0 = Debug|Any CPU
		{58052248-94F2-4C40-A095-E71372142E8A}.Release|Any CPU.ActiveCfg = Release|Any CPU
		{58052248-94F2-4C40-A095-E71372142E8A}.Release|Any CPU.Build.0 = Release|Any CPU
		{201A65A2-AF4D-4DAA-A10D-6731FD50AA5B}.Debug|Any CPU.ActiveCfg = Debug|Any CPU
		{201A65A2-AF4D-4DAA-A10D-6731FD50AA5B}.Debug|Any CPU.Build.0 = Debug|Any CPU
		{201A65A2-AF4D-4DAA-A10D-6731FD50AA5B}.Release|Any CPU.ActiveCfg = Release|Any CPU
		{201A65A2-AF4D-4DAA-A10D-6731FD50AA5B}.Release|Any CPU.Build.0 = Release|Any CPU
		{C1B62E5D-C6BA-400F-AF16-FDF77EE41316}.Debug|Any CPU.ActiveCfg = Debug|Any CPU
		{C1B62E5D-C6BA-400F-AF16-FDF77EE41316}.Debug|Any CPU.Build.0 = Debug|Any CPU
		{C1B62E5D-C6BA-400F-AF16-FDF77EE41316}.Release|Any CPU.ActiveCfg = Release|Any CPU
		{C1B62E5D-C6BA-400F-AF16-FDF77EE41316}.Release|Any CPU.Build.0 = Release|Any CPU
	EndGlobalSection
	GlobalSection(SolutionProperties) = preSolution
		HideSolutionNode = FALSE
	EndGlobalSection
	GlobalSection(NestedProjects) = preSolution
		{4AFAB00B-DEEC-4E08-A98D-1B17185F1B01} = {BEA89943-5089-459A-B57B-5282228927C5}
		{33D8A638-1882-4A34-B15B-ADB8DC425ED2} = {BEA89943-5089-459A-B57B-5282228927C5}
		{33B3292B-3C94-4ECC-ADA4-A976C0E218DF} = {BEA89943-5089-459A-B57B-5282228927C5}
		{03CD04CD-0530-490B-954D-97350772FE18} = {BEA89943-5089-459A-B57B-5282228927C5}
		{AFEED385-C86E-4698-BBAD-A5C61B494D10} = {229B55BB-9210-45F2-972C-810080EDFF8F}
		{1EE47AC6-B7B0-4B45-977B-620291872CA4} = {229B55BB-9210-45F2-972C-810080EDFF8F}
		{58052248-94F2-4C40-A095-E71372142E8A} = {229B55BB-9210-45F2-972C-810080EDFF8F}
		{201A65A2-AF4D-4DAA-A10D-6731FD50AA5B} = {229B55BB-9210-45F2-972C-810080EDFF8F}
		{C1B62E5D-C6BA-400F-AF16-FDF77EE41316} = {4B9832DF-63CE-449D-A123-680549A492D6}
	EndGlobalSection
EndGlobal
