
Microsoft Visual Studio Solution File, Format Version 12.00
# Visual Studio 14
VisualStudioVersion = 14.0.25123.0
MinimumVisualStudioVersion = 10.0.40219.1
Project("{FAE04EC0-301F-11D3-BF4B-00C04F79EFBC}") = "01.HungryGarfield", "01.HungryGarfield\01.HungryGarfield.csproj", "{F2FC0564-69C4-4FC8-9DD1-5CDA8E65D23F}"
EndProject
Project("{FAE04EC0-301F-11D3-BF4B-00C04F79EFBC}") = "02.EncodedAnswers", "02.EncodedAnswers\02.EncodedAnswers.csproj", "{928DB7EC-6507-4A2A-B07A-75681032B1CF}"
EndProject
Project("{FAE04EC0-301F-11D3-BF4B-00C04F79EFBC}") = "03.FallenInLove", "03.FallenInLove\03.FallenInLove.csproj", "{34BA755F-F8F5-48F2-AD5D-32C8F7BABFE0}"
EndProject
Project("{FAE04EC0-301F-11D3-BF4B-00C04F79EFBC}") = "04.PassionDays", "04.PassionDays\04.PassionDays.csproj", "{B9EE7926-F8B4-4B3B-9FB0-47F7CFB4312E}"
EndProject
Global
	GlobalSection(SolutionConfigurationPlatforms) = preSolution
		Debug|Any CPU = Debug|Any CPU
		Release|Any CPU = Release|Any CPU
	EndGlobalSection
	GlobalSection(ProjectConfigurationPlatforms) = postSolution
		{F2FC0564-69C4-4FC8-9DD1-5CDA8E65D23F}.Debug|Any CPU.ActiveCfg = Debug|Any CPU
		{F2FC0564-69C4-4FC8-9DD1-5CDA8E65D23F}.Debug|Any CPU.Build.0 = Debug|Any CPU
		{F2FC0564-69C4-4FC8-9DD1-5CDA8E65D23F}.Release|Any CPU.ActiveCfg = Release|Any CPU
		{F2FC0564-69C4-4FC8-9DD1-5CDA8E65D23F}.Release|Any CPU.Build.0 = Release|Any CPU
		{928DB7EC-6507-4A2A-B07A-75681032B1CF}.Debug|Any CPU.ActiveCfg = Debug|Any CPU
		{928DB7EC-6507-4A2A-B07A-75681032B1CF}.Debug|Any CPU.Build.0 = Debug|Any CPU
		{928DB7EC-6507-4A2A-B07A-75681032B1CF}.Release|Any CPU.ActiveCfg = Release|Any CPU
		{928DB7EC-6507-4A2A-B07A-75681032B1CF}.Release|Any CPU.Build.0 = Release|Any CPU
		{34BA755F-F8F5-48F2-AD5D-32C8F7BABFE0}.Debug|Any CPU.ActiveCfg = Debug|Any CPU
		{34BA755F-F8F5-48F2-AD5D-32C8F7BABFE0}.Debug|Any CPU.Build.0 = Debug|Any CPU
		{34BA755F-F8F5-48F2-AD5D-32C8F7BABFE0}.Release|Any CPU.ActiveCfg = Release|Any CPU
		{34BA755F-F8F5-48F2-AD5D-32C8F7BABFE0}.Release|Any CPU.Build.0 = Release|Any CPU
		{B9EE7926-F8B4-4B3B-9FB0-47F7CFB4312E}.Debug|Any CPU.ActiveCfg = Debug|Any CPU
		{B9EE7926-F8B4-4B3B-9FB0-47F7CFB4312E}.Debug|Any CPU.Build.0 = Debug|Any CPU
		{B9EE7926-F8B4-4B3B-9FB0-47F7CFB4312E}.Release|Any CPU.ActiveCfg = Release|Any CPU
		{B9EE7926-F8B4-4B3B-9FB0-47F7CFB4312E}.Release|Any CPU.Build.0 = Release|Any CPU
	EndGlobalSection
	GlobalSection(SolutionProperties) = preSolution
		HideSolutionNode = FALSE
	EndGlobalSection
EndGlobal
